
Microsoft Visual Studio Solution File, Format Version 12.00
# Visual Studio Version 17
VisualStudioVersion = 17.11.35312.102
MinimumVisualStudioVersion = 10.0.40219.1
Project("{9A19103F-16F7-4668-BE54-9A1E7A4F7556}") = "TaskPlanner.UI", "TaskPlanner.UI.csproj", "{8441C04A-0693-4DBA-9A17-1CBC19D34301}"
EndProject
Project("{9A19103F-16F7-4668-BE54-9A1E7A4F7556}") = "TaskPlanner.DataAccess", "..\TaskPlanner.DataAccess\TaskPlanner.DataAccess.csproj", "{4B2F3E13-E4CC-47FF-8DF3-2F2425D48EB0}"
EndProject
Project("{9A19103F-16F7-4668-BE54-9A1E7A4F7556}") = "TaskPlanner.Domain", "..\TaskPlanner.Domain\TaskPlanner.Domain.csproj", "{5E765E34-637B-41A2-9D7F-E49FDB3AABC9}"
EndProject
Project("{9A19103F-16F7-4668-BE54-9A1E7A4F7556}") = "TaskPlanner.BusinessLogic", "..\TaskPlanner.BusinessLogic\TaskPlanner.BusinessLogic.csproj", "{2270774C-0219-403C-B3BE-B809E8239BA8}"
	ProjectSection(ProjectDependencies) = postProject
		{4B2F3E13-E4CC-47FF-8DF3-2F2425D48EB0} = {4B2F3E13-E4CC-47FF-8DF3-2F2425D48EB0}
	EndProjectSection
EndProject
Project("{FAE04EC0-301F-11D3-BF4B-00C04F79EFBC}") = "TaskPlanner.Tests", "..\TaskPlanner.Tests\TaskPlanner.Tests.csproj", "{BABA1150-174C-4C5A-B321-93218053250A}"
	ProjectSection(ProjectDependencies) = postProject
		{2270774C-0219-403C-B3BE-B809E8239BA8} = {2270774C-0219-403C-B3BE-B809E8239BA8}
		{5E765E34-637B-41A2-9D7F-E49FDB3AABC9} = {5E765E34-637B-41A2-9D7F-E49FDB3AABC9}
	EndProjectSection
EndProject
Global
	GlobalSection(SolutionConfigurationPlatforms) = preSolution
		Debug|Any CPU = Debug|Any CPU
		Release|Any CPU = Release|Any CPU
	EndGlobalSection
	GlobalSection(ProjectConfigurationPlatforms) = postSolution
		{8441C04A-0693-4DBA-9A17-1CBC19D34301}.Debug|Any CPU.ActiveCfg = Debug|Any CPU
		{8441C04A-0693-4DBA-9A17-1CBC19D34301}.Debug|Any CPU.Build.0 = Debug|Any CPU
		{8441C04A-0693-4DBA-9A17-1CBC19D34301}.Release|Any CPU.ActiveCfg = Release|Any CPU
		{8441C04A-0693-4DBA-9A17-1CBC19D34301}.Release|Any CPU.Build.0 = Release|Any CPU
		{4B2F3E13-E4CC-47FF-8DF3-2F2425D48EB0}.Debug|Any CPU.ActiveCfg = Debug|Any CPU
		{4B2F3E13-E4CC-47FF-8DF3-2F2425D48EB0}.Debug|Any CPU.Build.0 = Debug|Any CPU
		{4B2F3E13-E4CC-47FF-8DF3-2F2425D48EB0}.Release|Any CPU.ActiveCfg = Release|Any CPU
		{4B2F3E13-E4CC-47FF-8DF3-2F2425D48EB0}.Release|Any CPU.Build.0 = Release|Any CPU
		{5E765E34-637B-41A2-9D7F-E49FDB3AABC9}.Debug|Any CPU.ActiveCfg = Debug|Any CPU
		{5E765E34-637B-41A2-9D7F-E49FDB3AABC9}.Debug|Any CPU.Build.0 = Debug|Any CPU
		{5E765E34-637B-41A2-9D7F-E49FDB3AABC9}.Release|Any CPU.ActiveCfg = Release|Any CPU
		{5E765E34-637B-41A2-9D7F-E49FDB3AABC9}.Release|Any CPU.Build.0 = Release|Any CPU
		{2270774C-0219-403C-B3BE-B809E8239BA8}.Debug|Any CPU.ActiveCfg = Debug|Any CPU
		{2270774C-0219-403C-B3BE-B809E8239BA8}.Debug|Any CPU.Build.0 = Debug|Any CPU
		{2270774C-0219-403C-B3BE-B809E8239BA8}.Release|Any CPU.ActiveCfg = Release|Any CPU
		{2270774C-0219-403C-B3BE-B809E8239BA8}.Release|Any CPU.Build.0 = Release|Any CPU
		{BABA1150-174C-4C5A-B321-93218053250A}.Debug|Any CPU.ActiveCfg = Debug|Any CPU
		{BABA1150-174C-4C5A-B321-93218053250A}.Debug|Any CPU.Build.0 = Debug|Any CPU
		{BABA1150-174C-4C5A-B321-93218053250A}.Release|Any CPU.ActiveCfg = Release|Any CPU
		{BABA1150-174C-4C5A-B321-93218053250A}.Release|Any CPU.Build.0 = Release|Any CPU
	EndGlobalSection
	GlobalSection(SolutionProperties) = preSolution
		HideSolutionNode = FALSE
	EndGlobalSection
	GlobalSection(ExtensibilityGlobals) = postSolution
		SolutionGuid = {022AB14C-0E68-4574-B725-4ECA898AE436}
	EndGlobalSection
EndGlobal
